{
  "name": "packagestats",
  "version": "1.3.2",
  "lockfileVersion": 3,
  "requires": true,
  "packages": {
    "": {
      "name": "packagestats",
      "version": "1.3.2",
      "license": "MIT",
      "dependencies": {
        "path-validation": "^0.2.3",
        "text-extensions": "^2.4.0"
      },
      "bin": {
        "packagestats": "index.js"
      }
    },
    "node_modules/path-validation": {
      "version": "0.2.3",
      "resolved": "https://registry.npmjs.org/path-validation/-/path-validation-0.2.3.tgz",
      "integrity": "sha512-SSMuyxeFiYKggQDvDVS+Fpy8cJXr8cOAjIGlwg8PN0xRCLd3gg5JwsNFkD4DUxaMMlbs4p9w0xQN7rGuW/QzVA=="
    },
    "node_modules/text-extensions": {
      "version": "2.4.0",
      "resolved": "https://registry.npmjs.org/text-extensions/-/text-extensions-2.4.0.tgz",
      "integrity": "sha512-te/NtwBwfiNRLf9Ijqx3T0nlqZiQ2XrrtBvu+cLL8ZRrGkO0NHTug8MYFKyoSrv/sHTaSKfilUkizV6XhxMJ3g==",
      "engines": {
        "node": ">=8"
      }
    }
  }
}
